
Microsoft Visual Studio Solution File, Format Version 12.00
# Visual Studio Version 17
VisualStudioVersion = 17.2.32616.157
MinimumVisualStudioVersion = 10.0.40219.1
Project("{9A19103F-16F7-4668-BE54-9A1E7A4F7556}") = "MigrationAdmin", "MigrationAdmin\MigrationAdmin.csproj", "{F75CEB6C-A718-4A5A-A252-B153B3689A4C}"
EndProject
Project("{9A19103F-16F7-4668-BE54-9A1E7A4F7556}") = "Migration.Infrastructure.CosmosDb", "Migration.Infrastructure.CosmosDb\Migration.Infrastructure.CosmosDb.csproj", "{BCB6E07D-6213-4801-BCDD-ED72FA2579EE}"
EndProject
Project("{9A19103F-16F7-4668-BE54-9A1E7A4F7556}") = "Migration.Repository", "Migration.Repository\Migration.Repository.csproj", "{3C4E01F1-9834-436E-BE0E-4C8770A50C94}"
EndProject
Project("{9A19103F-16F7-4668-BE54-9A1E7A4F7556}") = "Migration.Services", "Migration.Services\Migration.Services.csproj", "{754DE9F6-75A8-4424-A254-9A1E1CAF7B90}"
EndProject
Project("{9A19103F-16F7-4668-BE54-9A1E7A4F7556}") = "Migration.Infrastructure.Redis", "Migration.Infrastructure.Redis\Migration.Infrastructure.Redis.csproj", "{C1E8D51A-5A42-487B-BE94-C0B920A19339}"
EndProject
Project("{9A19103F-16F7-4668-BE54-9A1E7A4F7556}") = "Migration.Infrastructure.AzureTableStorage", "Migration.Infrastructure.AzureTableStorage\Migration.Infrastructure.AzureTableStorage.csproj", "{28E2E6AB-D4C2-4035-991E-FDB87882CABB}"
EndProject
Project("{FAE04EC0-301F-11D3-BF4B-00C04F79EFBC}") = "Migration.BackgroundWorker", "Migration.BackgroundWorker\Migration.BackgroundWorker.csproj", "{630EB1A4-1CBA-4E4C-BE1D-2C04F4DAA638}"
EndProject
Global
	GlobalSection(SolutionConfigurationPlatforms) = preSolution
		Debug|Any CPU = Debug|Any CPU
		Release|Any CPU = Release|Any CPU
	EndGlobalSection
	GlobalSection(ProjectConfigurationPlatforms) = postSolution
		{F75CEB6C-A718-4A5A-A252-B153B3689A4C}.Debug|Any CPU.ActiveCfg = Debug|Any CPU
		{F75CEB6C-A718-4A5A-A252-B153B3689A4C}.Debug|Any CPU.Build.0 = Debug|Any CPU
		{F75CEB6C-A718-4A5A-A252-B153B3689A4C}.Release|Any CPU.ActiveCfg = Release|Any CPU
		{F75CEB6C-A718-4A5A-A252-B153B3689A4C}.Release|Any CPU.Build.0 = Release|Any CPU
		{BCB6E07D-6213-4801-BCDD-ED72FA2579EE}.Debug|Any CPU.ActiveCfg = Debug|Any CPU
		{BCB6E07D-6213-4801-BCDD-ED72FA2579EE}.Debug|Any CPU.Build.0 = Debug|Any CPU
		{BCB6E07D-6213-4801-BCDD-ED72FA2579EE}.Release|Any CPU.ActiveCfg = Release|Any CPU
		{BCB6E07D-6213-4801-BCDD-ED72FA2579EE}.Release|Any CPU.Build.0 = Release|Any CPU
		{3C4E01F1-9834-436E-BE0E-4C8770A50C94}.Debug|Any CPU.ActiveCfg = Debug|Any CPU
		{3C4E01F1-9834-436E-BE0E-4C8770A50C94}.Debug|Any CPU.Build.0 = Debug|Any CPU
		{3C4E01F1-9834-436E-BE0E-4C8770A50C94}.Release|Any CPU.ActiveCfg = Release|Any CPU
		{3C4E01F1-9834-436E-BE0E-4C8770A50C94}.Release|Any CPU.Build.0 = Release|Any CPU
		{754DE9F6-75A8-4424-A254-9A1E1CAF7B90}.Debug|Any CPU.ActiveCfg = Debug|Any CPU
		{754DE9F6-75A8-4424-A254-9A1E1CAF7B90}.Debug|Any CPU.Build.0 = Debug|Any CPU
		{754DE9F6-75A8-4424-A254-9A1E1CAF7B90}.Release|Any CPU.ActiveCfg = Release|Any CPU
		{754DE9F6-75A8-4424-A254-9A1E1CAF7B90}.Release|Any CPU.Build.0 = Release|Any CPU
		{C1E8D51A-5A42-487B-BE94-C0B920A19339}.Debug|Any CPU.ActiveCfg = Debug|Any CPU
		{C1E8D51A-5A42-487B-BE94-C0B920A19339}.Debug|Any CPU.Build.0 = Debug|Any CPU
		{C1E8D51A-5A42-487B-BE94-C0B920A19339}.Release|Any CPU.ActiveCfg = Release|Any CPU
		{C1E8D51A-5A42-487B-BE94-C0B920A19339}.Release|Any CPU.Build.0 = Release|Any CPU
		{28E2E6AB-D4C2-4035-991E-FDB87882CABB}.Debug|Any CPU.ActiveCfg = Debug|Any CPU
		{28E2E6AB-D4C2-4035-991E-FDB87882CABB}.Debug|Any CPU.Build.0 = Debug|Any CPU
		{28E2E6AB-D4C2-4035-991E-FDB87882CABB}.Release|Any CPU.ActiveCfg = Release|Any CPU
		{28E2E6AB-D4C2-4035-991E-FDB87882CABB}.Release|Any CPU.Build.0 = Release|Any CPU
		{630EB1A4-1CBA-4E4C-BE1D-2C04F4DAA638}.Debug|Any CPU.ActiveCfg = Debug|Any CPU
		{630EB1A4-1CBA-4E4C-BE1D-2C04F4DAA638}.Debug|Any CPU.Build.0 = Debug|Any CPU
		{630EB1A4-1CBA-4E4C-BE1D-2C04F4DAA638}.Release|Any CPU.ActiveCfg = Release|Any CPU
		{630EB1A4-1CBA-4E4C-BE1D-2C04F4DAA638}.Release|Any CPU.Build.0 = Release|Any CPU
	EndGlobalSection
	GlobalSection(SolutionProperties) = preSolution
		HideSolutionNode = FALSE
	EndGlobalSection
	GlobalSection(ExtensibilityGlobals) = postSolution
		SolutionGuid = {BDBA0F9C-675D-4353-BADF-46D6A4C646D6}
	EndGlobalSection
EndGlobal
